
Microsoft Visual Studio Solution File, Format Version 12.00
# Visual Studio Version 17
VisualStudioVersion = 17.10.35122.118
MinimumVisualStudioVersion = 10.0.40219.1
Project("{FAE04EC0-301F-11D3-BF4B-00C04F79EFBC}") = "SellPhonesStore", "SellPhonesStore\SellPhonesStore.csproj", "{D70702DC-F1F2-43F9-902E-26B7A9B7DBB8}"
EndProject
Project("{FAE04EC0-301F-11D3-BF4B-00C04F79EFBC}") = "SellPhonesStore.Entities", "SellPhonesStore.Entities\SellPhonesStore.Entities.csproj", "{8C1F4E05-4B13-48CF-9C75-98CD68901D47}"
EndProject
Global
	GlobalSection(SolutionConfigurationPlatforms) = preSolution
		Debug|Any CPU = Debug|Any CPU
		Release|Any CPU = Release|Any CPU
	EndGlobalSection
	GlobalSection(ProjectConfigurationPlatforms) = postSolution
		{D70702DC-F1F2-43F9-902E-26B7A9B7DBB8}.Debug|Any CPU.ActiveCfg = Debug|Any CPU
		{D70702DC-F1F2-43F9-902E-26B7A9B7DBB8}.Debug|Any CPU.Build.0 = Debug|Any CPU
		{D70702DC-F1F2-43F9-902E-26B7A9B7DBB8}.Release|Any CPU.ActiveCfg = Release|Any CPU
		{D70702DC-F1F2-43F9-902E-26B7A9B7DBB8}.Release|Any CPU.Build.0 = Release|Any CPU
		{8C1F4E05-4B13-48CF-9C75-98CD68901D47}.Debug|Any CPU.ActiveCfg = Debug|Any CPU
		{8C1F4E05-4B13-48CF-9C75-98CD68901D47}.Debug|Any CPU.Build.0 = Debug|Any CPU
		{8C1F4E05-4B13-48CF-9C75-98CD68901D47}.Release|Any CPU.ActiveCfg = Release|Any CPU
		{8C1F4E05-4B13-48CF-9C75-98CD68901D47}.Release|Any CPU.Build.0 = Release|Any CPU
	EndGlobalSection
	GlobalSection(SolutionProperties) = preSolution
		HideSolutionNode = FALSE
	EndGlobalSection
	GlobalSection(ExtensibilityGlobals) = postSolution
		SolutionGuid = {B15EAB3D-9077-471D-8666-93E71554646F}
	EndGlobalSection
EndGlobal
